
Microsoft Visual Studio Solution File, Format Version 12.00
# Visual Studio Version 16
VisualStudioVersion = 16.0.810.9
MinimumVisualStudioVersion = 10.0.40219.1
Project("{FAE04EC0-301F-11D3-BF4B-00C04F79EFBC}") = "task01", "task01\task01.csproj", "{2DAE8E5F-80FA-4213-A721-69C4B6C6190F}"
EndProject
Project("{FAE04EC0-301F-11D3-BF4B-00C04F79EFBC}") = "task03", "task03\task03.csproj", "{9B6CE4C4-B37B-40B0-B1D7-37A6C5DC68BF}"
EndProject
Project("{FAE04EC0-301F-11D3-BF4B-00C04F79EFBC}") = "task05", "task05\task05.csproj", "{0B436983-07FF-4351-A18B-9F41685797F5}"
EndProject
Global
	GlobalSection(SolutionConfigurationPlatforms) = preSolution
		Debug|Any CPU = Debug|Any CPU
		Release|Any CPU = Release|Any CPU
	EndGlobalSection
	GlobalSection(ProjectConfigurationPlatforms) = postSolution
		{2DAE8E5F-80FA-4213-A721-69C4B6C6190F}.Debug|Any CPU.ActiveCfg = Debug|Any CPU
		{2DAE8E5F-80FA-4213-A721-69C4B6C6190F}.Debug|Any CPU.Build.0 = Debug|Any CPU
		{2DAE8E5F-80FA-4213-A721-69C4B6C6190F}.Release|Any CPU.ActiveCfg = Release|Any CPU
		{2DAE8E5F-80FA-4213-A721-69C4B6C6190F}.Release|Any CPU.Build.0 = Release|Any CPU
		{9B6CE4C4-B37B-40B0-B1D7-37A6C5DC68BF}.Debug|Any CPU.ActiveCfg = Debug|Any CPU
		{9B6CE4C4-B37B-40B0-B1D7-37A6C5DC68BF}.Debug|Any CPU.Build.0 = Debug|Any CPU
		{9B6CE4C4-B37B-40B0-B1D7-37A6C5DC68BF}.Release|Any CPU.ActiveCfg = Release|Any CPU
		{9B6CE4C4-B37B-40B0-B1D7-37A6C5DC68BF}.Release|Any CPU.Build.0 = Release|Any CPU
		{0B436983-07FF-4351-A18B-9F41685797F5}.Debug|Any CPU.ActiveCfg = Debug|Any CPU
		{0B436983-07FF-4351-A18B-9F41685797F5}.Debug|Any CPU.Build.0 = Debug|Any CPU
		{0B436983-07FF-4351-A18B-9F41685797F5}.Release|Any CPU.ActiveCfg = Release|Any CPU
		{0B436983-07FF-4351-A18B-9F41685797F5}.Release|Any CPU.Build.0 = Release|Any CPU
	EndGlobalSection
	GlobalSection(SolutionProperties) = preSolution
		HideSolutionNode = FALSE
	EndGlobalSection
	GlobalSection(ExtensibilityGlobals) = postSolution
		SolutionGuid = {F5DA1CE9-900E-4A35-AB47-001120A0B41E}
	EndGlobalSection
EndGlobal
