
Microsoft Visual Studio Solution File, Format Version 12.00
# Visual Studio Version 16
VisualStudioVersion = 16.0.810.9
MinimumVisualStudioVersion = 10.0.40219.1
Project("{FAE04EC0-301F-11D3-BF4B-00C04F79EFBC}") = "task02", "HW\task02.csproj", "{B50FBD09-8384-448E-BE78-B7B0F55E203D}"
EndProject
Project("{FAE04EC0-301F-11D3-BF4B-00C04F79EFBC}") = "task06", "task06\task06.csproj", "{135716A9-D8DF-4DFD-990F-226A865B2458}"
EndProject
Project("{FAE04EC0-301F-11D3-BF4B-00C04F79EFBC}") = "task07", "task07\task07.csproj", "{D1A314C0-923D-4E7B-A61A-EC88804003BC}"
EndProject
Global
	GlobalSection(SolutionConfigurationPlatforms) = preSolution
		Debug|Any CPU = Debug|Any CPU
		Release|Any CPU = Release|Any CPU
	EndGlobalSection
	GlobalSection(ProjectConfigurationPlatforms) = postSolution
		{B50FBD09-8384-448E-BE78-B7B0F55E203D}.Debug|Any CPU.ActiveCfg = Debug|Any CPU
		{B50FBD09-8384-448E-BE78-B7B0F55E203D}.Debug|Any CPU.Build.0 = Debug|Any CPU
		{B50FBD09-8384-448E-BE78-B7B0F55E203D}.Release|Any CPU.ActiveCfg = Release|Any CPU
		{B50FBD09-8384-448E-BE78-B7B0F55E203D}.Release|Any CPU.Build.0 = Release|Any CPU
		{135716A9-D8DF-4DFD-990F-226A865B2458}.Debug|Any CPU.ActiveCfg = Debug|Any CPU
		{135716A9-D8DF-4DFD-990F-226A865B2458}.Debug|Any CPU.Build.0 = Debug|Any CPU
		{135716A9-D8DF-4DFD-990F-226A865B2458}.Release|Any CPU.ActiveCfg = Release|Any CPU
		{135716A9-D8DF-4DFD-990F-226A865B2458}.Release|Any CPU.Build.0 = Release|Any CPU
		{D1A314C0-923D-4E7B-A61A-EC88804003BC}.Debug|Any CPU.ActiveCfg = Debug|Any CPU
		{D1A314C0-923D-4E7B-A61A-EC88804003BC}.Debug|Any CPU.Build.0 = Debug|Any CPU
		{D1A314C0-923D-4E7B-A61A-EC88804003BC}.Release|Any CPU.ActiveCfg = Release|Any CPU
		{D1A314C0-923D-4E7B-A61A-EC88804003BC}.Release|Any CPU.Build.0 = Release|Any CPU
	EndGlobalSection
	GlobalSection(SolutionProperties) = preSolution
		HideSolutionNode = FALSE
	EndGlobalSection
	GlobalSection(ExtensibilityGlobals) = postSolution
		SolutionGuid = {C177E2A4-D57E-4245-B16F-C0FA631E2F93}
	EndGlobalSection
EndGlobal
