
Microsoft Visual Studio Solution File, Format Version 12.00
# Visual Studio Version 16
VisualStudioVersion = 16.0.810.9
MinimumVisualStudioVersion = 10.0.40219.1
Project("{FAE04EC0-301F-11D3-BF4B-00C04F79EFBC}") = "HW1", "HW1\HW1.csproj", "{BB246774-BD3F-4D1E-90C3-7F4ADD166616}"
EndProject
Project("{FAE04EC0-301F-11D3-BF4B-00C04F79EFBC}") = "task01", "task10\task01.csproj", "{C1C815CF-7C07-46C6-8D8C-4B130E2D388C}"
EndProject
Project("{FAE04EC0-301F-11D3-BF4B-00C04F79EFBC}") = "task02", "task02\task02.csproj", "{470942EF-2AE2-4E67-8AE9-80A707D54F00}"
EndProject
Project("{FAE04EC0-301F-11D3-BF4B-00C04F79EFBC}") = "task03", "task03\task03.csproj", "{CFC2D4EB-DCCB-451E-BE5A-5AFC008F4130}"
EndProject
Project("{FAE04EC0-301F-11D3-BF4B-00C04F79EFBC}") = "task05", "task05\task05.csproj", "{FC3E22B8-709A-4190-9086-41AB69B9A824}"
EndProject
Project("{FAE04EC0-301F-11D3-BF4B-00C04F79EFBC}") = "Task06", "Task06\Task06.csproj", "{ABFDB76D-A2BC-4802-B982-4C1A9B9FC324}"
EndProject
Global
	GlobalSection(SolutionConfigurationPlatforms) = preSolution
		Debug|Any CPU = Debug|Any CPU
		Release|Any CPU = Release|Any CPU
	EndGlobalSection
	GlobalSection(ProjectConfigurationPlatforms) = postSolution
		{BB246774-BD3F-4D1E-90C3-7F4ADD166616}.Debug|Any CPU.ActiveCfg = Debug|Any CPU
		{BB246774-BD3F-4D1E-90C3-7F4ADD166616}.Debug|Any CPU.Build.0 = Debug|Any CPU
		{BB246774-BD3F-4D1E-90C3-7F4ADD166616}.Release|Any CPU.ActiveCfg = Release|Any CPU
		{BB246774-BD3F-4D1E-90C3-7F4ADD166616}.Release|Any CPU.Build.0 = Release|Any CPU
		{C1C815CF-7C07-46C6-8D8C-4B130E2D388C}.Debug|Any CPU.ActiveCfg = Debug|Any CPU
		{C1C815CF-7C07-46C6-8D8C-4B130E2D388C}.Debug|Any CPU.Build.0 = Debug|Any CPU
		{C1C815CF-7C07-46C6-8D8C-4B130E2D388C}.Release|Any CPU.ActiveCfg = Release|Any CPU
		{C1C815CF-7C07-46C6-8D8C-4B130E2D388C}.Release|Any CPU.Build.0 = Release|Any CPU
		{470942EF-2AE2-4E67-8AE9-80A707D54F00}.Debug|Any CPU.ActiveCfg = Debug|Any CPU
		{470942EF-2AE2-4E67-8AE9-80A707D54F00}.Debug|Any CPU.Build.0 = Debug|Any CPU
		{470942EF-2AE2-4E67-8AE9-80A707D54F00}.Release|Any CPU.ActiveCfg = Release|Any CPU
		{470942EF-2AE2-4E67-8AE9-80A707D54F00}.Release|Any CPU.Build.0 = Release|Any CPU
		{CFC2D4EB-DCCB-451E-BE5A-5AFC008F4130}.Debug|Any CPU.ActiveCfg = Debug|Any CPU
		{CFC2D4EB-DCCB-451E-BE5A-5AFC008F4130}.Debug|Any CPU.Build.0 = Debug|Any CPU
		{CFC2D4EB-DCCB-451E-BE5A-5AFC008F4130}.Release|Any CPU.ActiveCfg = Release|Any CPU
		{CFC2D4EB-DCCB-451E-BE5A-5AFC008F4130}.Release|Any CPU.Build.0 = Release|Any CPU
		{FC3E22B8-709A-4190-9086-41AB69B9A824}.Debug|Any CPU.ActiveCfg = Debug|Any CPU
		{FC3E22B8-709A-4190-9086-41AB69B9A824}.Debug|Any CPU.Build.0 = Debug|Any CPU
		{FC3E22B8-709A-4190-9086-41AB69B9A824}.Release|Any CPU.ActiveCfg = Release|Any CPU
		{FC3E22B8-709A-4190-9086-41AB69B9A824}.Release|Any CPU.Build.0 = Release|Any CPU
		{ABFDB76D-A2BC-4802-B982-4C1A9B9FC324}.Debug|Any CPU.ActiveCfg = Debug|Any CPU
		{ABFDB76D-A2BC-4802-B982-4C1A9B9FC324}.Debug|Any CPU.Build.0 = Debug|Any CPU
		{ABFDB76D-A2BC-4802-B982-4C1A9B9FC324}.Release|Any CPU.ActiveCfg = Release|Any CPU
		{ABFDB76D-A2BC-4802-B982-4C1A9B9FC324}.Release|Any CPU.Build.0 = Release|Any CPU
	EndGlobalSection
	GlobalSection(SolutionProperties) = preSolution
		HideSolutionNode = FALSE
	EndGlobalSection
	GlobalSection(ExtensibilityGlobals) = postSolution
		SolutionGuid = {66233FAF-C461-4158-BC5E-082F6CEF6491}
	EndGlobalSection
EndGlobal
